
Microsoft Visual Studio Solution File, Format Version 12.00
# Visual Studio 14
VisualStudioVersion = 14.0.25420.1
MinimumVisualStudioVersion = 10.0.40219.1
Project("{8BC9CEB8-8B4A-11D0-8D11-00A0C91BC942}") = "WS2812_66", "WS2812_66\WS2812_66.vcxproj", "{C5F80730-F44F-4478-BDAE-6634EFC2CA88}"
EndProject
Project("{8BC9CEB8-8B4A-11D0-8D11-00A0C91BC942}") = "ArduinoJson", "..\libraries\ArduinoJson\ArduinoJson.vcxitems", "{129552E1-CE94-4AA1-ACF8-3A96F51A3113}"
EndProject
Project("{8BC9CEB8-8B4A-11D0-8D11-00A0C91BC942}") = "ESPAsyncTCP", "..\libraries\ESPAsyncTCP\ESPAsyncTCP.vcxitems", "{7061DA70-3089-4DB8-B2DD-D0D881FA680D}"
EndProject
Project("{8BC9CEB8-8B4A-11D0-8D11-00A0C91BC942}") = "ESPAsyncWebServer", "..\libraries\ESPAsyncWebServer\ESPAsyncWebServer.vcxitems", "{9C17D7A3-1A5B-4C4B-A690-66A4AE92A336}"
EndProject
Project("{8BC9CEB8-8B4A-11D0-8D11-00A0C91BC942}") = "NeoPixelBus_by_Makuna", "..\libraries\NeoPixelBus_by_Makuna\NeoPixelBus_by_Makuna.vcxitems", "{D1B10D17-B2A9-4597-AA5A-EDAE3F2EB039}"
EndProject
Project("{8BC9CEB8-8B4A-11D0-8D11-00A0C91BC942}") = "PubSubClient", "..\libraries\PubSubClient\PubSubClient.vcxitems", "{B1C1850E-1B9D-4575-80D3-3855010C8723}"
EndProject
Project("{8BC9CEB8-8B4A-11D0-8D11-00A0C91BC942}") = "EspHomeBase", "..\libraries\EspHomeBase\EspHomeBase.vcxitems", "{B3DB02C3-0ABD-4B7B-8B76-9FCF51EEF35C}"
EndProject
Project("{8BC9CEB8-8B4A-11D0-8D11-00A0C91BC942}") = "DNSServer", "C:\Users\fp50lov\AppData\Local\arduino15\packages\esp8266\hardware\esp8266\2.4.1\libraries\DNSServer\DNSServer.vcxitems", "{354024CF-90A6-4D21-B507-DF23DFA4F173}"
EndProject
Project("{8BC9CEB8-8B4A-11D0-8D11-00A0C91BC942}") = "EEPROM", "C:\Users\fp50lov\AppData\Local\arduino15\packages\esp8266\hardware\esp8266\2.4.1\libraries\EEPROM\EEPROM.vcxitems", "{29DFA5D3-3194-4B61-AF6E-206A71809C2F}"
EndProject
Project("{8BC9CEB8-8B4A-11D0-8D11-00A0C91BC942}") = "esp8266", "C:\Users\fp50lov\AppData\Local\arduino15\packages\esp8266\hardware\esp8266\2.4.1\libraries\esp8266\esp8266.vcxitems", "{A0AAB2A6-B406-485A-9DDD-2305A5C34C88}"
EndProject
Project("{8BC9CEB8-8B4A-11D0-8D11-00A0C91BC942}") = "ESP8266WiFi", "C:\Users\fp50lov\AppData\Local\arduino15\packages\esp8266\hardware\esp8266\2.4.1\libraries\ESP8266WiFi\ESP8266WiFi.vcxitems", "{BDA7C8A3-9346-4299-9781-E714F71059D2}"
EndProject
Project("{8BC9CEB8-8B4A-11D0-8D11-00A0C91BC942}") = "Hash", "C:\Users\fp50lov\AppData\Local\arduino15\packages\esp8266\hardware\esp8266\2.4.1\libraries\Hash\Hash.vcxitems", "{EF32E85B-FE86-436E-B745-3C7348EA8FDE}"
EndProject
Global
	GlobalSection(SharedMSBuildProjectFiles) = preSolution
		..\libraries\ArduinoJson\ArduinoJson.vcxitems*{129552e1-ce94-4aa1-acf8-3a96f51a3113}*SharedItemsImports = 9
		C:\Users\fp50lov\AppData\Local\arduino15\packages\esp8266\hardware\esp8266\2.4.1\libraries\EEPROM\EEPROM.vcxitems*{29dfa5d3-3194-4b61-af6e-206a71809c2f}*SharedItemsImports = 9
		C:\Users\fp50lov\AppData\Local\arduino15\packages\esp8266\hardware\esp8266\2.4.1\libraries\DNSServer\DNSServer.vcxitems*{354024cf-90a6-4d21-b507-df23dfa4f173}*SharedItemsImports = 9
		..\libraries\ESPAsyncTCP\ESPAsyncTCP.vcxitems*{7061da70-3089-4db8-b2dd-d0d881fa680d}*SharedItemsImports = 9
		..\libraries\ESPAsyncWebServer\ESPAsyncWebServer.vcxitems*{9c17d7a3-1a5b-4c4b-a690-66a4ae92a336}*SharedItemsImports = 9
		C:\Users\fp50lov\AppData\Local\arduino15\packages\esp8266\hardware\esp8266\2.4.1\libraries\esp8266\esp8266.vcxitems*{a0aab2a6-b406-485a-9ddd-2305a5c34c88}*SharedItemsImports = 9
		..\libraries\PubSubClient\PubSubClient.vcxitems*{b1c1850e-1b9d-4575-80d3-3855010c8723}*SharedItemsImports = 9
		..\libraries\EspHomeBase\EspHomeBase.vcxitems*{b3db02c3-0abd-4b7b-8b76-9fcf51eef35c}*SharedItemsImports = 9
		C:\Users\fp50lov\AppData\Local\arduino15\packages\esp8266\hardware\esp8266\2.4.1\libraries\ESP8266WiFi\ESP8266WiFi.vcxitems*{bda7c8a3-9346-4299-9781-e714f71059d2}*SharedItemsImports = 9
		C:\Users\fp50lov\AppData\Local\arduino15\packages\esp8266\hardware\esp8266\2.4.1\libraries\DNSServer\DNSServer.vcxitems*{c5f80730-f44f-4478-bdae-6634efc2ca88}*SharedItemsImports = 4
		C:\Users\fp50lov\AppData\Local\arduino15\packages\esp8266\hardware\esp8266\2.4.1\libraries\EEPROM\EEPROM.vcxitems*{c5f80730-f44f-4478-bdae-6634efc2ca88}*SharedItemsImports = 4
		C:\Users\fp50lov\AppData\Local\arduino15\packages\esp8266\hardware\esp8266\2.4.1\libraries\ESP8266WiFi\ESP8266WiFi.vcxitems*{c5f80730-f44f-4478-bdae-6634efc2ca88}*SharedItemsImports = 4
		C:\Users\fp50lov\AppData\Local\arduino15\packages\esp8266\hardware\esp8266\2.4.1\libraries\esp8266\esp8266.vcxitems*{c5f80730-f44f-4478-bdae-6634efc2ca88}*SharedItemsImports = 4
		C:\Users\fp50lov\AppData\Local\arduino15\packages\esp8266\hardware\esp8266\2.4.1\libraries\Hash\Hash.vcxitems*{c5f80730-f44f-4478-bdae-6634efc2ca88}*SharedItemsImports = 4
		..\libraries\ArduinoJson\ArduinoJson.vcxitems*{c5f80730-f44f-4478-bdae-6634efc2ca88}*SharedItemsImports = 4
		..\libraries\ESPAsyncTCP\ESPAsyncTCP.vcxitems*{c5f80730-f44f-4478-bdae-6634efc2ca88}*SharedItemsImports = 4
		..\libraries\ESPAsyncWebServer\ESPAsyncWebServer.vcxitems*{c5f80730-f44f-4478-bdae-6634efc2ca88}*SharedItemsImports = 4
		..\libraries\EspHomeBase\EspHomeBase.vcxitems*{c5f80730-f44f-4478-bdae-6634efc2ca88}*SharedItemsImports = 4
		..\libraries\NeoPixelBus_by_Makuna\NeoPixelBus_by_Makuna.vcxitems*{c5f80730-f44f-4478-bdae-6634efc2ca88}*SharedItemsImports = 4
		..\libraries\PubSubClient\PubSubClient.vcxitems*{c5f80730-f44f-4478-bdae-6634efc2ca88}*SharedItemsImports = 4
		..\libraries\NeoPixelBus_by_Makuna\NeoPixelBus_by_Makuna.vcxitems*{d1b10d17-b2a9-4597-aa5a-edae3f2eb039}*SharedItemsImports = 9
		C:\Users\fp50lov\AppData\Local\arduino15\packages\esp8266\hardware\esp8266\2.4.1\libraries\Hash\Hash.vcxitems*{ef32e85b-fe86-436e-b745-3c7348ea8fde}*SharedItemsImports = 9
	EndGlobalSection
	GlobalSection(SolutionConfigurationPlatforms) = preSolution
		Debug|x86 = Debug|x86
		Release|x86 = Release|x86
	EndGlobalSection
	GlobalSection(ProjectConfigurationPlatforms) = postSolution
		{C5F80730-F44F-4478-BDAE-6634EFC2CA88}.Debug|x86.ActiveCfg = Debug|Win32
		{C5F80730-F44F-4478-BDAE-6634EFC2CA88}.Debug|x86.Build.0 = Debug|Win32
		{C5F80730-F44F-4478-BDAE-6634EFC2CA88}.Release|x86.ActiveCfg = Release|Win32
		{C5F80730-F44F-4478-BDAE-6634EFC2CA88}.Release|x86.Build.0 = Release|Win32
	EndGlobalSection
	GlobalSection(SolutionProperties) = preSolution
		HideSolutionNode = FALSE
	EndGlobalSection
EndGlobal
